<?xml version="1.0" encoding="UTF-8"?>
<CONFIG>
  <ProjectOptions>
    <Version Value="12"/>
    <General>
      <Flags>
        <CompatibilityMode Value="True"/>
      </Flags>
      <ResourceType Value="res"/>
      <UseXPManifest Value="True"/>
    </General>
    <VersionInfo>
      <Language Value=""/>
      <CharSet Value=""/>
    </VersionInfo>
    <BuildModes Count="1">
      <Item1 Name="default" Default="True"/>
    </BuildModes>
    <PublishOptions>
      <Version Value="2"/>
    </PublishOptions>
    <RunParams>
      <local>
        <LaunchingApplication PathPlusParams="/usr/X11R6/bin/xterm -T &apos;Lazarus Run Output&apos; -e $(LazarusDir)/tools/runwait.sh $(TargetCmdLine)"/>
      </local>
      <FormatVersion Value="2"/>
      <Modes Count="1">
        <Mode0 Name="default">
          <local>
            <LaunchingApplication PathPlusParams="/usr/X11R6/bin/xterm -T &apos;Lazarus Run Output&apos; -e $(LazarusDir)/tools/runwait.sh $(TargetCmdLine)"/>
          </local>
        </Mode0>
      </Modes>
    </RunParams>
    <RequiredPackages Count="4">
      <Item1>
        <PackageName Value="lnetvisual"/>
      </Item1>
      <Item2>
        <PackageName Value="ImagesForLazarus"/>
      </Item2>
      <Item3>
        <PackageName Value="LazOpenGLContext"/>
      </Item3>
      <Item4>
        <PackageName Value="LCL"/>
      </Item4>
    </RequiredPackages>
    <Units Count="46">
      <Unit0>
        <Filename Value="fpc_atomic.lpr"/>
        <IsPartOfProject Value="True"/>
        <EditorIndex Value="-1"/>
        <CursorPos X="43" Y="31"/>
        <UsageCount Value="186"/>
      </Unit0>
      <Unit1>
        <Filename Value="unit1.pas"/>
        <IsPartOfProject Value="True"/>
        <ComponentName Value="Form1"/>
        <HasResources Value="True"/>
        <ResourceBaseClass Value="Form"/>
        <UnitName Value="Unit1"/>
        <TopLine Value="22"/>
        <ExtraEditorCount Value="1"/>
        <ExtraEditor1>
          <EditorIndex Value="-1"/>
          <WindowIndex Value="1"/>
          <TopLine Value="20"/>
          <CursorPos X="43" Y="35"/>
        </ExtraEditor1>
        <UsageCount Value="186"/>
        <Loaded Value="True"/>
        <LoadedDesigner Value="True"/>
      </Unit1>
      <Unit2>
        <Filename Value="../opengl_graphikengine.pas"/>
        <CursorPos X="6" Y="25"/>
        <UsageCount Value="23"/>
      </Unit2>
      <Unit3>
        <Filename Value="../Sample/OpenGL/dglopengl.pas"/>
        <UnitName Value="dglOpenGL"/>
        <EditorIndex Value="-1"/>
        <WindowIndex Value="1"/>
        <UsageCount Value="150"/>
      </Unit3>
      <Unit4>
        <Filename Value="../Sample/OpenGL/uopengl_graphikengine.pas"/>
        <IsPartOfProject Value="True"/>
        <EditorIndex Value="-1"/>
        <TopLine Value="22"/>
        <UsageCount Value="171"/>
      </Unit4>
      <Unit5>
        <Filename Value="../Sample/Graphik/ugraphics.pas"/>
        <IsPartOfProject Value="True"/>
        <EditorIndex Value="-1"/>
        <WindowIndex Value="1"/>
        <TopLine Value="49"/>
        <CursorPos X="20" Y="98"/>
        <UsageCount Value="171"/>
      </Unit5>
      <Unit6>
        <Filename Value="../Sample/DatenSteuerung/uvectormath.pas"/>
        <IsPartOfProject Value="True"/>
        <EditorIndex Value="-1"/>
        <WindowIndex Value="1"/>
        <TopLine Value="528"/>
        <CursorPos Y="566"/>
        <UsageCount Value="171"/>
      </Unit6>
      <Unit7>
        <Filename Value="uvectormath.inc"/>
        <IsPartOfProject Value="True"/>
        <EditorIndex Value="-1"/>
        <WindowIndex Value="1"/>
        <UsageCount Value="171"/>
      </Unit7>
      <Unit8>
        <Filename Value="uloaderdialog.pas"/>
        <IsPartOfProject Value="True"/>
        <EditorIndex Value="-1"/>
        <WindowIndex Value="1"/>
        <CursorPos X="48" Y="33"/>
        <UsageCount Value="171"/>
      </Unit8>
      <Unit9>
        <Filename Value="units/uatomic_common.pas"/>
        <IsPartOfProject Value="True"/>
        <EditorIndex Value="-1"/>
        <TopLine Value="19"/>
        <CursorPos X="92" Y="63"/>
        <ExtraEditorCount Value="1"/>
        <ExtraEditor1>
          <EditorIndex Value="-1"/>
          <WindowIndex Value="1"/>
          <TopLine Value="72"/>
          <CursorPos X="38" Y="85"/>
        </ExtraEditor1>
        <UsageCount Value="171"/>
      </Unit9>
      <Unit10>
        <Filename Value="../Sample/OpenGL/uopengl_ascii_font.pas"/>
        <IsPartOfProject Value="True"/>
        <UnitName Value="uOpenGL_ASCII_Font"/>
        <EditorIndex Value="-1"/>
        <TopLine Value="177"/>
        <CursorPos X="25" Y="210"/>
        <UsageCount Value="167"/>
      </Unit10>
      <Unit11>
        <Filename Value="apptype.inc"/>
        <EditorIndex Value="-1"/>
        <WindowIndex Value="1"/>
        <CursorPos X="147" Y="22"/>
        <UsageCount Value="104"/>
      </Unit11>
      <Unit12>
        <Filename Value="../Sample/DatenSteuerung/ulogger.pas"/>
        <IsPartOfProject Value="True"/>
        <EditorIndex Value="-1"/>
        <WindowIndex Value="1"/>
        <CursorPos X="20" Y="13"/>
        <UsageCount Value="41"/>
      </Unit12>
      <Unit13>
        <Filename Value="../Sample/TCP_IP/uupdate.pas"/>
        <IsPartOfProject Value="True"/>
        <EditorIndex Value="-1"/>
        <TopLine Value="742"/>
        <CursorPos X="56" Y="771"/>
        <UsageCount Value="165"/>
      </Unit13>
      <Unit14>
        <Filename Value="../Sample/synapse/httpsend.pas"/>
        <EditorIndex Value="-1"/>
        <WindowIndex Value="1"/>
        <UsageCount Value="144"/>
      </Unit14>
      <Unit15>
        <Filename Value="updater_settings.inc"/>
        <IsPartOfProject Value="True"/>
        <EditorIndex Value="-1"/>
        <WindowIndex Value="1"/>
        <CursorPos X="29" Y="20"/>
        <UsageCount Value="163"/>
      </Unit15>
      <Unit16>
        <Filename Value="ulogger.inc"/>
        <IsPartOfProject Value="True"/>
        <EditorIndex Value="-1"/>
        <WindowIndex Value="1"/>
        <UsageCount Value="163"/>
      </Unit16>
      <Unit17>
        <Filename Value="unit18.pas"/>
        <IsPartOfProject Value="True"/>
        <ComponentName Value="Form18"/>
        <ResourceBaseClass Value="Form"/>
        <UnitName Value="Unit18"/>
        <EditorIndex Value="-1"/>
        <CursorPos Y="15"/>
        <UsageCount Value="162"/>
      </Unit17>
      <Unit18>
        <Filename Value="../Sample/Sound/Bass/bass.pas"/>
        <UnitName Value="BASS"/>
        <EditorIndex Value="-1"/>
        <TopLine Value="448"/>
        <CursorPos X="3" Y="478"/>
        <UsageCount Value="140"/>
      </Unit18>
      <Unit19>
        <Filename Value="../Sample/OpenGL/uopengl_animation.pas"/>
        <IsPartOfProject Value="True"/>
        <EditorIndex Value="-1"/>
        <TopLine Value="525"/>
        <CursorPos X="142" Y="591"/>
        <UsageCount Value="157"/>
      </Unit19>
      <Unit20>
        <Filename Value="uscreens.pas"/>
        <IsPartOfProject Value="True"/>
        <EditorIndex Value="-1"/>
        <WindowIndex Value="1"/>
        <TopLine Value="1059"/>
        <CursorPos Y="1079"/>
        <ExtraEditorCount Value="1"/>
        <ExtraEditor1>
          <EditorIndex Value="-1"/>
          <TopLine Value="245"/>
          <CursorPos X="90" Y="272"/>
        </ExtraEditor1>
        <UsageCount Value="157"/>
      </Unit20>
      <Unit21>
        <Filename Value="units/uatomic_messages.pas"/>
        <IsPartOfProject Value="True"/>
        <EditorIndex Value="-1"/>
        <WindowIndex Value="1"/>
        <TopLine Value="19"/>
        <CursorPos X="14" Y="63"/>
        <ExtraEditorCount Value="1"/>
        <ExtraEditor1>
          <EditorIndex Value="-1"/>
          <TopLine Value="28"/>
          <CursorPos X="16" Y="59"/>
        </ExtraEditor1>
        <UsageCount Value="144"/>
      </Unit21>
      <Unit22>
        <Filename Value="uatomicfont.pas"/>
        <IsPartOfProject Value="True"/>
        <EditorIndex Value="-1"/>
        <WindowIndex Value="1"/>
        <TopLine Value="173"/>
        <CursorPos X="16" Y="124"/>
        <ExtraEditorCount Value="1"/>
        <ExtraEditor1>
          <EditorIndex Value="-1"/>
          <TopLine Value="192"/>
          <CursorPos Y="245"/>
        </ExtraEditor1>
        <UsageCount Value="149"/>
      </Unit22>
      <Unit23>
        <Filename Value="../Sample/OpenGL/uopengl_ascii_font.ressource"/>
        <IsPartOfProject Value="True"/>
        <EditorIndex Value="-1"/>
        <UsageCount Value="41"/>
        <DefaultSyntaxHighlighter Value="None"/>
      </Unit23>
      <Unit24>
        <Filename Value="uatomicfont.ressource"/>
        <IsPartOfProject Value="True"/>
        <EditorIndex Value="-1"/>
        <WindowIndex Value="1"/>
        <CursorPos X="22" Y="15"/>
        <UsageCount Value="147"/>
        <DefaultSyntaxHighlighter Value="None"/>
      </Unit24>
      <Unit25>
        <Filename Value="units/uatomic_field.pas"/>
        <IsPartOfProject Value="True"/>
        <EditorIndex Value="-1"/>
        <TopLine Value="1591"/>
        <CursorPos X="53" Y="1653"/>
        <ExtraEditorCount Value="2"/>
        <ExtraEditor1>
          <EditorIndex Value="-1"/>
          <WindowIndex Value="1"/>
          <TopLine Value="345"/>
          <CursorPos X="4" Y="379"/>
        </ExtraEditor1>
        <ExtraEditor2>
          <EditorIndex Value="-1"/>
          <TopLine Value="84"/>
          <CursorPos X="43" Y="95"/>
        </ExtraEditor2>
        <UsageCount Value="125"/>
      </Unit25>
      <Unit26>
        <Filename Value="../Sample/TCP_IP/uchunkmanager.pas"/>
        <IsPartOfProject Value="True"/>
        <UnitName Value="uChunkmanager"/>
        <EditorIndex Value="-1"/>
        <WindowIndex Value="1"/>
        <TopLine Value="730"/>
        <CursorPos X="33" Y="752"/>
        <ExtraEditorCount Value="1"/>
        <ExtraEditor1>
          <EditorIndex Value="-1"/>
          <TopLine Value="722"/>
          <CursorPos Y="765"/>
        </ExtraEditor1>
        <UsageCount Value="146"/>
      </Unit26>
      <Unit27>
        <Filename Value="uchunkmanager.inc"/>
        <IsPartOfProject Value="True"/>
        <EditorIndex Value="-1"/>
        <WindowIndex Value="1"/>
        <CursorPos X="3" Y="16"/>
        <UsageCount Value="146"/>
      </Unit27>
      <Unit28>
        <Filename Value="../Sample/TCP_IP/uip.pas"/>
        <IsPartOfProject Value="True"/>
        <EditorIndex Value="-1"/>
        <WindowIndex Value="1"/>
        <UsageCount Value="146"/>
      </Unit28>
      <Unit29>
        <Filename Value="ugame.pas"/>
        <IsPartOfProject Value="True"/>
        <IsVisibleTab Value="True"/>
        <EditorIndex Value="1"/>
        <CursorPos X="3" Y="38"/>
        <ExtraEditorCount Value="1"/>
        <ExtraEditor1>
          <WindowIndex Value="1"/>
          <TopLine Value="4"/>
          <CursorPos X="19" Y="35"/>
        </ExtraEditor1>
        <UsageCount Value="110"/>
        <Bookmarks Count="3">
          <Item0 Y="970" ID="1"/>
          <Item1 Y="898" ID="4"/>
          <Item2 Y="1189" ID="5"/>
        </Bookmarks>
        <Loaded Value="True"/>
      </Unit29>
      <Unit30>
        <Filename Value="uatomic.pas"/>
        <IsPartOfProject Value="True"/>
        <EditorIndex Value="-1"/>
        <TopLine Value="192"/>
        <CursorPos X="39" Y="232"/>
        <ExtraEditorCount Value="1"/>
        <ExtraEditor1>
          <EditorIndex Value="-1"/>
          <TopLine Value="275"/>
          <CursorPos X="113" Y="306"/>
        </ExtraEditor1>
        <UsageCount Value="108"/>
        <Bookmarks Count="1">
          <Item0 Y="222" ID="8"/>
        </Bookmarks>
      </Unit30>
      <Unit31>
        <Filename Value="../Sample/OpenGL/uopengl_spriteengine.pas"/>
        <IsPartOfProject Value="True"/>
        <EditorIndex Value="-1"/>
        <WindowIndex Value="1"/>
        <TopLine Value="205"/>
        <CursorPos X="34" Y="217"/>
        <UsageCount Value="41"/>
      </Unit31>
      <Unit32>
        <Filename Value="globaldefines.inc"/>
        <IsPartOfProject Value="True"/>
        <EditorIndex Value="-1"/>
        <WindowIndex Value="1"/>
        <TopLine Value="6"/>
        <CursorPos X="17" Y="42"/>
        <UsageCount Value="41"/>
      </Unit32>
      <Unit33>
        <Filename Value="ukeyboarddialog.pas"/>
        <IsPartOfProject Value="True"/>
        <EditorIndex Value="-1"/>
        <UsageCount Value="64"/>
      </Unit33>
      <Unit34>
        <Filename Value="ukeygrabber.pas"/>
        <IsPartOfProject Value="True"/>
        <EditorIndex Value="-1"/>
        <WindowIndex Value="1"/>
        <TopLine Value="28"/>
        <CursorPos Y="15"/>
        <UsageCount Value="64"/>
      </Unit34>
      <Unit35>
        <Filename Value="usounds.pas"/>
        <IsPartOfProject Value="True"/>
        <EditorIndex Value="-1"/>
        <CursorPos X="3" Y="37"/>
        <UsageCount Value="54"/>
      </Unit35>
      <Unit36>
        <Filename Value="_2_Presentation_brainstorm.txt"/>
        <IsPartOfProject Value="True"/>
        <EditorIndex Value="-1"/>
        <WindowIndex Value="-1"/>
        <TopLine Value="-1"/>
        <CursorPos X="-1" Y="-1"/>
        <UsageCount Value="50"/>
        <DefaultSyntaxHighlighter Value="None"/>
      </Unit36>
      <Unit37>
        <Filename Value="/usr/share/fpcsrc/3.2.2/rtl/objpas/sysutils/sysutilh.inc"/>
        <EditorIndex Value="-1"/>
        <CursorPos X="10" Y="29"/>
        <UsageCount Value="10"/>
      </Unit37>
      <Unit38>
        <Filename Value="../Sample/DatenSteuerung/udomxml.pas"/>
        <IsPartOfProject Value="True"/>
        <UnitName Value="uDOMXML"/>
        <EditorIndex Value="-1"/>
        <WindowIndex Value="-1"/>
        <TopLine Value="-1"/>
        <CursorPos X="-1" Y="-1"/>
        <UsageCount Value="41"/>
      </Unit38>
      <Unit39>
        <Filename Value="../Sample/DatenSteuerung/ufifo.pas"/>
        <IsPartOfProject Value="True"/>
        <EditorIndex Value="-1"/>
        <WindowIndex Value="-1"/>
        <TopLine Value="-1"/>
        <CursorPos X="-1" Y="-1"/>
        <UsageCount Value="41"/>
      </Unit39>
      <Unit40>
        <Filename Value="/home/corpsman/lazarus/lcl/include/application.inc"/>
        <EditorIndex Value="-1"/>
        <TopLine Value="677"/>
        <CursorPos Y="713"/>
        <UsageCount Value="10"/>
      </Unit40>
      <Unit41>
        <Filename Value="/home/corpsman/lazarus/lcl/include/customform.inc"/>
        <EditorIndex Value="-1"/>
        <WindowIndex Value="1"/>
        <TopLine Value="2185"/>
        <CursorPos X="30" Y="2204"/>
        <UsageCount Value="10"/>
      </Unit41>
      <Unit42>
        <Filename Value="README.md"/>
        <IsPartOfProject Value="True"/>
        <EditorIndex Value="-1"/>
        <WindowIndex Value="-1"/>
        <TopLine Value="-1"/>
        <CursorPos X="-1" Y="-1"/>
        <UsageCount Value="25"/>
        <DefaultSyntaxHighlighter Value="None"/>
      </Unit42>
      <Unit43>
        <Filename Value="MANUAL.md"/>
        <IsPartOfProject Value="True"/>
        <EditorIndex Value="-1"/>
        <WindowIndex Value="-1"/>
        <TopLine Value="-1"/>
        <CursorPos X="-1" Y="-1"/>
        <UsageCount Value="25"/>
        <DefaultSyntaxHighlighter Value="None"/>
      </Unit43>
      <Unit44>
        <Filename Value="updater_link.inc"/>
        <EditorIndex Value="-1"/>
        <UsageCount Value="10"/>
      </Unit44>
      <Unit45>
        <Filename Value="updater_link_GIT.inc"/>
        <EditorIndex Value="-1"/>
        <UsageCount Value="10"/>
      </Unit45>
    </Units>
    <OtherDefines Count="1">
      <Define0 Value="Client"/>
    </OtherDefines>
    <JumpHistory Count="20" HistoryIndex="19">
      <Position1>
        <Filename Value="unit1.pas"/>
        <Caret Line="16" Column="37" TopLine="16"/>
      </Position1>
      <Position2>
        <Filename Value="unit1.pas"/>
        <Caret Line="374" Column="49" TopLine="353"/>
      </Position2>
      <Position3>
        <Filename Value="unit1.pas"/>
      </Position3>
      <Position4>
        <Filename Value="unit1.pas"/>
        <Caret Line="420" Column="82" TopLine="415"/>
      </Position4>
      <Position5>
        <Filename Value="unit1.pas"/>
      </Position5>
      <Position6>
        <Filename Value="unit1.pas"/>
        <Caret Line="117" Column="66" TopLine="66"/>
      </Position6>
      <Position7>
        <Filename Value="unit1.pas"/>
        <Caret Line="468" Column="85" TopLine="417"/>
      </Position7>
      <Position8>
        <Filename Value="unit1.pas"/>
        <Caret Line="490" Column="42" TopLine="446"/>
      </Position8>
      <Position9>
        <Filename Value="unit1.pas"/>
        <Caret Line="667" Column="32" TopLine="647"/>
      </Position9>
      <Position10>
        <Filename Value="ugame.pas"/>
        <Caret Line="120" Column="24" TopLine="94"/>
      </Position10>
      <Position11>
        <Filename Value="ugame.pas"/>
        <Caret Line="844" Column="46" TopLine="819"/>
      </Position11>
      <Position12>
        <Filename Value="ugame.pas"/>
      </Position12>
      <Position13>
        <Filename Value="ugame.pas"/>
        <Caret Line="830" Column="53" TopLine="819"/>
      </Position13>
      <Position14>
        <Filename Value="ugame.pas"/>
      </Position14>
      <Position15>
        <Filename Value="ugame.pas"/>
        <Caret Line="970" Column="23" TopLine="933"/>
      </Position15>
      <Position16>
        <Filename Value="ugame.pas"/>
        <Caret Line="958" Column="28" TopLine="933"/>
      </Position16>
      <Position17>
        <Filename Value="ugame.pas"/>
        <Caret Line="190" Column="22" TopLine="124"/>
      </Position17>
      <Position18>
        <Filename Value="ugame.pas"/>
        <Caret Line="484" Column="51" TopLine="472"/>
      </Position18>
      <Position19>
        <Filename Value="ugame.pas"/>
      </Position19>
      <Position20>
        <Filename Value="ugame.pas"/>
        <Caret Line="35" Column="19"/>
      </Position20>
    </JumpHistory>
  </ProjectOptions>
  <CompilerOptions>
    <Version Value="11"/>
    <Target>
      <Filename Value="fpc_atomic"/>
    </Target>
    <SearchPaths>
      <IncludeFiles Value="$(ProjOutDir)"/>
      <OtherUnitFiles Value="../../Graphik;../../DatenSteuerung;../Sample/OpenGL;../Sample/Graphik;../Sample/DatenSteuerung;units;../Sample/TCP_IP;../Sample/synapse;../Sample/Sound/Bass"/>
      <UnitOutputDirectory Value="lib/$(TargetCPU)-$(TargetOS)"/>
    </SearchPaths>
    <CodeGeneration>
      <Checks>
        <RangeChecks Value="True"/>
      </Checks>
    </CodeGeneration>
    <Linking>
      <Debugging>
        <UseHeaptrc Value="True"/>
      </Debugging>
      <Options>
        <Win32>
          <GraphicApplication Value="True"/>
        </Win32>
      </Options>
    </Linking>
    <Other>
      <CustomOptions Value="-dClient"/>
      <OtherDefines Count="1">
        <Define0 Value="Client"/>
      </OtherDefines>
    </Other>
  </CompilerOptions>
  <Debugging>
    <Watches Count="1">
      <Item1>
        <Expression Value="fn"/>
      </Item1>
    </Watches>
    <Exceptions Count="3">
      <Item1>
        <Name Value="EAbort"/>
      </Item1>
      <Item2>
        <Name Value="ECodetoolError"/>
      </Item2>
      <Item3>
        <Name Value="EFOpenError"/>
      </Item3>
    </Exceptions>
  </Debugging>
</CONFIG>
